
Microsoft Visual Studio Solution File, Format Version 12.00
# Visual Studio Version 16
VisualStudioVersion = 16.0.30804.86
MinimumVisualStudioVersion = 10.0.40219.1
Project("{FAE04EC0-301F-11D3-BF4B-00C04F79EFBC}") = "Sorting Algorithm Visualizer", "Sorting Algorithm Visualizer\Sorting Algorithm Visualizer.csproj", "{400BB4D4-3A8D-4951-A00C-639B7C504BBC}"
EndProject
Global
	GlobalSection(SolutionConfigurationPlatforms) = preSolution
		Debug|Any CPU = Debug|Any CPU
		Release|Any CPU = Release|Any CPU
	EndGlobalSection
	GlobalSection(ProjectConfigurationPlatforms) = postSolution
		{400BB4D4-3A8D-4951-A00C-639B7C504BBC}.Debug|Any CPU.ActiveCfg = Debug|Any CPU
		{400BB4D4-3A8D-4951-A00C-639B7C504BBC}.Debug|Any CPU.Build.0 = Debug|Any CPU
		{400BB4D4-3A8D-4951-A00C-639B7C504BBC}.Release|Any CPU.ActiveCfg = Release|Any CPU
		{400BB4D4-3A8D-4951-A00C-639B7C504BBC}.Release|Any CPU.Build.0 = Release|Any CPU
	EndGlobalSection
	GlobalSection(SolutionProperties) = preSolution
		HideSolutionNode = FALSE
	EndGlobalSection
	GlobalSection(ExtensibilityGlobals) = postSolution
		SolutionGuid = {C77E14E7-AD8C-4C61-A5D5-565E1A81CDD5}
	EndGlobalSection
EndGlobal
